
Microsoft Visual Studio Solution File, Format Version 12.00
# Visual Studio Version 16
VisualStudioVersion = 16.0.32407.337
MinimumVisualStudioVersion = 10.0.40219.1
Project("{FAE04EC0-301F-11D3-BF4B-00C04F79EFBC}") = "RUAP_LV4", "RUAP_LV4\RUAP_LV4.csproj", "{5D4DCCAA-11D9-421A-AD81-660B7B41056F}"
EndProject
Global
	GlobalSection(SolutionConfigurationPlatforms) = preSolution
		Debug|Any CPU = Debug|Any CPU
		Release|Any CPU = Release|Any CPU
	EndGlobalSection
	GlobalSection(ProjectConfigurationPlatforms) = postSolution
		{5D4DCCAA-11D9-421A-AD81-660B7B41056F}.Debug|Any CPU.ActiveCfg = Debug|Any CPU
		{5D4DCCAA-11D9-421A-AD81-660B7B41056F}.Debug|Any CPU.Build.0 = Debug|Any CPU
		{5D4DCCAA-11D9-421A-AD81-660B7B41056F}.Release|Any CPU.ActiveCfg = Release|Any CPU
		{5D4DCCAA-11D9-421A-AD81-660B7B41056F}.Release|Any CPU.Build.0 = Release|Any CPU
	EndGlobalSection
	GlobalSection(SolutionProperties) = preSolution
		HideSolutionNode = FALSE
	EndGlobalSection
	GlobalSection(ExtensibilityGlobals) = postSolution
		SolutionGuid = {6C7929F2-31F7-4744-8027-D8B062FE36B9}
	EndGlobalSection
EndGlobal
